
Microsoft Visual Studio Solution File, Format Version 12.00
Project("{FAE04EC0-301F-11D3-BF4B-00C04F79EFBC}") = "All Sorting Methods", "All Sorting Methods.csproj", "{CAC4D11D-6819-40A7-9152-49793B932330}"
EndProject
Global
	GlobalSection(SolutionConfigurationPlatforms) = preSolution
		Debug|Any CPU = Debug|Any CPU
		Release|Any CPU = Release|Any CPU
	EndGlobalSection
	GlobalSection(ProjectConfigurationPlatforms) = postSolution
		{CAC4D11D-6819-40A7-9152-49793B932330}.Debug|Any CPU.ActiveCfg = Debug|Any CPU
		{CAC4D11D-6819-40A7-9152-49793B932330}.Debug|Any CPU.Build.0 = Debug|Any CPU
		{CAC4D11D-6819-40A7-9152-49793B932330}.Release|Any CPU.ActiveCfg = Release|Any CPU
		{CAC4D11D-6819-40A7-9152-49793B932330}.Release|Any CPU.Build.0 = Release|Any CPU
	EndGlobalSection
EndGlobal
